
Microsoft Visual Studio Solution File, Format Version 12.00
# Visual Studio Version 17
VisualStudioVersion = 17.0.31903.59
MinimumVisualStudioVersion = 10.0.40219.1
Project("{2150E333-8FDC-42A3-9474-1A3956D46DE8}") = "src", "src", "{827E0CD3-B72D-47B6-A68D-7590B98EB39B}"
EndProject
Project("{FAE04EC0-301F-11D3-BF4B-00C04F79EFBC}") = "Meeze.ThinIce.App", "src\Meeze.ThinIce.App\Meeze.ThinIce.App.csproj", "{7088BBA9-659B-4797-B8C3-7DDEF151D491}"
EndProject
Project("{FAE04EC0-301F-11D3-BF4B-00C04F79EFBC}") = "Meeze.ThinIce.Auth", "src\Meeze.ThinIce.Auth\Meeze.ThinIce.Auth.csproj", "{4F519258-AD08-4B8B-86EA-747EA8710A28}"
EndProject
Project("{FAE04EC0-301F-11D3-BF4B-00C04F79EFBC}") = "Meeze.ThinIce.Iceberg", "src\Meeze.ThinIce.Iceberg\Meeze.ThinIce.Iceberg.csproj", "{415FCAB6-221D-4B27-8298-5D6B1A6C93CB}"
EndProject
Project("{2150E333-8FDC-42A3-9474-1A3956D46DE8}") = "Solution Items", "Solution Items", "{46CC8EBB-482B-4C08-873A-9BA9AD5FAC05}"
	ProjectSection(SolutionItems) = preProject
		README.md = README.md
		AGENTS.md = AGENTS.md
		CLAUDE.md = CLAUDE.md
		.gitignore = .gitignore
	EndProjectSection
EndProject
Project("{FAE04EC0-301F-11D3-BF4B-00C04F79EFBC}") = "Meeze.ThinIce.Iceberg.LocalDev", "src\Meeze.ThinIce.Iceberg.LocalDev\Meeze.ThinIce.Iceberg.LocalDev.csproj", "{577FDF25-1DB4-4281-900E-334812147C59}"
EndProject
Project("{FAE04EC0-301F-11D3-BF4B-00C04F79EFBC}") = "Meeze.ThinIce.Abstractions", "src\Meeze.ThinIce.Abstractions\Meeze.ThinIce.Abstractions.csproj", "{0007CA74-6873-462B-BC88-B97BF78A5923}"
EndProject
Project("{2150E333-8FDC-42A3-9474-1A3956D46DE8}") = "test", "test", "{0C88DD14-F956-CE84-757C-A364CCF449FC}"
EndProject
Project("{FAE04EC0-301F-11D3-BF4B-00C04F79EFBC}") = "Meeze.ThinIce.Tests", "test\Meeze.ThinIce.Tests\Meeze.ThinIce.Tests.csproj", "{4BA38B31-15F8-4C68-B206-8E885174F4ED}"
EndProject
Global
	GlobalSection(SolutionConfigurationPlatforms) = preSolution
		Debug|Any CPU = Debug|Any CPU
		Debug|x64 = Debug|x64
		Debug|x86 = Debug|x86
		Release|Any CPU = Release|Any CPU
		Release|x64 = Release|x64
		Release|x86 = Release|x86
	EndGlobalSection
	GlobalSection(ProjectConfigurationPlatforms) = postSolution
		{7088BBA9-659B-4797-B8C3-7DDEF151D491}.Debug|Any CPU.ActiveCfg = Debug|Any CPU
		{7088BBA9-659B-4797-B8C3-7DDEF151D491}.Debug|Any CPU.Build.0 = Debug|Any CPU
		{7088BBA9-659B-4797-B8C3-7DDEF151D491}.Debug|x64.ActiveCfg = Debug|Any CPU
		{7088BBA9-659B-4797-B8C3-7DDEF151D491}.Debug|x64.Build.0 = Debug|Any CPU
		{7088BBA9-659B-4797-B8C3-7DDEF151D491}.Debug|x86.ActiveCfg = Debug|Any CPU
		{7088BBA9-659B-4797-B8C3-7DDEF151D491}.Debug|x86.Build.0 = Debug|Any CPU
		{7088BBA9-659B-4797-B8C3-7DDEF151D491}.Release|Any CPU.ActiveCfg = Release|Any CPU
		{7088BBA9-659B-4797-B8C3-7DDEF151D491}.Release|Any CPU.Build.0 = Release|Any CPU
		{7088BBA9-659B-4797-B8C3-7DDEF151D491}.Release|x64.ActiveCfg = Release|Any CPU
		{7088BBA9-659B-4797-B8C3-7DDEF151D491}.Release|x64.Build.0 = Release|Any CPU
		{7088BBA9-659B-4797-B8C3-7DDEF151D491}.Release|x86.ActiveCfg = Release|Any CPU
		{7088BBA9-659B-4797-B8C3-7DDEF151D491}.Release|x86.Build.0 = Release|Any CPU
		{4F519258-AD08-4B8B-86EA-747EA8710A28}.Debug|Any CPU.ActiveCfg = Debug|Any CPU
		{4F519258-AD08-4B8B-86EA-747EA8710A28}.Debug|Any CPU.Build.0 = Debug|Any CPU
		{4F519258-AD08-4B8B-86EA-747EA8710A28}.Debug|x64.ActiveCfg = Debug|Any CPU
		{4F519258-AD08-4B8B-86EA-747EA8710A28}.Debug|x64.Build.0 = Debug|Any CPU
		{4F519258-AD08-4B8B-86EA-747EA8710A28}.Debug|x86.ActiveCfg = Debug|Any CPU
		{4F519258-AD08-4B8B-86EA-747EA8710A28}.Debug|x86.Build.0 = Debug|Any CPU
		{4F519258-AD08-4B8B-86EA-747EA8710A28}.Release|Any CPU.ActiveCfg = Release|Any CPU
		{4F519258-AD08-4B8B-86EA-747EA8710A28}.Release|Any CPU.Build.0 = Release|Any CPU
		{4F519258-AD08-4B8B-86EA-747EA8710A28}.Release|x64.ActiveCfg = Release|Any CPU
		{4F519258-AD08-4B8B-86EA-747EA8710A28}.Release|x64.Build.0 = Release|Any CPU
		{4F519258-AD08-4B8B-86EA-747EA8710A28}.Release|x86.ActiveCfg = Release|Any CPU
		{4F519258-AD08-4B8B-86EA-747EA8710A28}.Release|x86.Build.0 = Release|Any CPU
		{415FCAB6-221D-4B27-8298-5D6B1A6C93CB}.Debug|Any CPU.ActiveCfg = Debug|Any CPU
		{415FCAB6-221D-4B27-8298-5D6B1A6C93CB}.Debug|Any CPU.Build.0 = Debug|Any CPU
		{415FCAB6-221D-4B27-8298-5D6B1A6C93CB}.Debug|x64.ActiveCfg = Debug|Any CPU
		{415FCAB6-221D-4B27-8298-5D6B1A6C93CB}.Debug|x64.Build.0 = Debug|Any CPU
		{415FCAB6-221D-4B27-8298-5D6B1A6C93CB}.Debug|x86.ActiveCfg = Debug|Any CPU
		{415FCAB6-221D-4B27-8298-5D6B1A6C93CB}.Debug|x86.Build.0 = Debug|Any CPU
		{415FCAB6-221D-4B27-8298-5D6B1A6C93CB}.Release|Any CPU.ActiveCfg = Release|Any CPU
		{415FCAB6-221D-4B27-8298-5D6B1A6C93CB}.Release|Any CPU.Build.0 = Release|Any CPU
		{415FCAB6-221D-4B27-8298-5D6B1A6C93CB}.Release|x64.ActiveCfg = Release|Any CPU
		{415FCAB6-221D-4B27-8298-5D6B1A6C93CB}.Release|x64.Build.0 = Release|Any CPU
		{415FCAB6-221D-4B27-8298-5D6B1A6C93CB}.Release|x86.ActiveCfg = Release|Any CPU
		{415FCAB6-221D-4B27-8298-5D6B1A6C93CB}.Release|x86.Build.0 = Release|Any CPU
		{577FDF25-1DB4-4281-900E-334812147C59}.Debug|Any CPU.ActiveCfg = Debug|Any CPU
		{577FDF25-1DB4-4281-900E-334812147C59}.Debug|Any CPU.Build.0 = Debug|Any CPU
		{577FDF25-1DB4-4281-900E-334812147C59}.Debug|x64.ActiveCfg = Debug|Any CPU
		{577FDF25-1DB4-4281-900E-334812147C59}.Debug|x64.Build.0 = Debug|Any CPU
		{577FDF25-1DB4-4281-900E-334812147C59}.Debug|x86.ActiveCfg = Debug|Any CPU
		{577FDF25-1DB4-4281-900E-334812147C59}.Debug|x86.Build.0 = Debug|Any CPU
		{577FDF25-1DB4-4281-900E-334812147C59}.Release|Any CPU.ActiveCfg = Release|Any CPU
		{577FDF25-1DB4-4281-900E-334812147C59}.Release|Any CPU.Build.0 = Release|Any CPU
		{577FDF25-1DB4-4281-900E-334812147C59}.Release|x64.ActiveCfg = Release|Any CPU
		{577FDF25-1DB4-4281-900E-334812147C59}.Release|x64.Build.0 = Release|Any CPU
		{577FDF25-1DB4-4281-900E-334812147C59}.Release|x86.ActiveCfg = Release|Any CPU
		{577FDF25-1DB4-4281-900E-334812147C59}.Release|x86.Build.0 = Release|Any CPU
		{0007CA74-6873-462B-BC88-B97BF78A5923}.Debug|Any CPU.ActiveCfg = Debug|Any CPU
		{0007CA74-6873-462B-BC88-B97BF78A5923}.Debug|Any CPU.Build.0 = Debug|Any CPU
		{0007CA74-6873-462B-BC88-B97BF78A5923}.Debug|x64.ActiveCfg = Debug|Any CPU
		{0007CA74-6873-462B-BC88-B97BF78A5923}.Debug|x64.Build.0 = Debug|Any CPU
		{0007CA74-6873-462B-BC88-B97BF78A5923}.Debug|x86.ActiveCfg = Debug|Any CPU
		{0007CA74-6873-462B-BC88-B97BF78A5923}.Debug|x86.Build.0 = Debug|Any CPU
		{0007CA74-6873-462B-BC88-B97BF78A5923}.Release|Any CPU.ActiveCfg = Release|Any CPU
		{0007CA74-6873-462B-BC88-B97BF78A5923}.Release|Any CPU.Build.0 = Release|Any CPU
		{0007CA74-6873-462B-BC88-B97BF78A5923}.Release|x64.ActiveCfg = Release|Any CPU
		{0007CA74-6873-462B-BC88-B97BF78A5923}.Release|x64.Build.0 = Release|Any CPU
		{0007CA74-6873-462B-BC88-B97BF78A5923}.Release|x86.ActiveCfg = Release|Any CPU
		{0007CA74-6873-462B-BC88-B97BF78A5923}.Release|x86.Build.0 = Release|Any CPU
		{4BA38B31-15F8-4C68-B206-8E885174F4ED}.Debug|Any CPU.ActiveCfg = Debug|Any CPU
		{4BA38B31-15F8-4C68-B206-8E885174F4ED}.Debug|Any CPU.Build.0 = Debug|Any CPU
		{4BA38B31-15F8-4C68-B206-8E885174F4ED}.Debug|x64.ActiveCfg = Debug|Any CPU
		{4BA38B31-15F8-4C68-B206-8E885174F4ED}.Debug|x64.Build.0 = Debug|Any CPU
		{4BA38B31-15F8-4C68-B206-8E885174F4ED}.Debug|x86.ActiveCfg = Debug|Any CPU
		{4BA38B31-15F8-4C68-B206-8E885174F4ED}.Debug|x86.Build.0 = Debug|Any CPU
		{4BA38B31-15F8-4C68-B206-8E885174F4ED}.Release|Any CPU.ActiveCfg = Release|Any CPU
		{4BA38B31-15F8-4C68-B206-8E885174F4ED}.Release|Any CPU.Build.0 = Release|Any CPU
		{4BA38B31-15F8-4C68-B206-8E885174F4ED}.Release|x64.ActiveCfg = Release|Any CPU
		{4BA38B31-15F8-4C68-B206-8E885174F4ED}.Release|x64.Build.0 = Release|Any CPU
		{4BA38B31-15F8-4C68-B206-8E885174F4ED}.Release|x86.ActiveCfg = Release|Any CPU
		{4BA38B31-15F8-4C68-B206-8E885174F4ED}.Release|x86.Build.0 = Release|Any CPU
	EndGlobalSection
	GlobalSection(SolutionProperties) = preSolution
		HideSolutionNode = FALSE
	EndGlobalSection
	GlobalSection(NestedProjects) = preSolution
		{7088BBA9-659B-4797-B8C3-7DDEF151D491} = {827E0CD3-B72D-47B6-A68D-7590B98EB39B}
		{4F519258-AD08-4B8B-86EA-747EA8710A28} = {827E0CD3-B72D-47B6-A68D-7590B98EB39B}
		{415FCAB6-221D-4B27-8298-5D6B1A6C93CB} = {827E0CD3-B72D-47B6-A68D-7590B98EB39B}
		{577FDF25-1DB4-4281-900E-334812147C59} = {827E0CD3-B72D-47B6-A68D-7590B98EB39B}
		{0007CA74-6873-462B-BC88-B97BF78A5923} = {827E0CD3-B72D-47B6-A68D-7590B98EB39B}
		{4BA38B31-15F8-4C68-B206-8E885174F4ED} = {0C88DD14-F956-CE84-757C-A364CCF449FC}
	EndGlobalSection
EndGlobal
